<?xml version="1.0" encoding="utf-8"?>
<Project ToolsVersion="4.0" xmlns="http://schemas.microsoft.com/developer/msbuild/2003">
  <ItemGroup>
    <Filter Include="Source Files">
      <UniqueIdentifier>{4FC737F1-C7A5-4376-A066-2A32D752A2FF}</UniqueIdentifier>
      <Extensions>cpp;c;cc;cxx;c++;cppm;ixx;def;odl;idl;hpj;bat;asm;asmx</Extensions>
    </Filter>
    <Filter Include="Header Files">
      <UniqueIdentifier>{93995380-89BD-4b04-88EB-625FBE52EBFB}</UniqueIdentifier>
      <Extensions>h;hh;hpp;hxx;h++;hm;inl;inc;ipp;xsd</Extensions>
    </Filter>
    <Filter Include="Resource Files">
      <UniqueIdentifier>{67DA6AB6-F800-4c08-8B7A-83BB121AAD01}</UniqueIdentifier>
      <Extensions>rc;ico;cur;bmp;dlg;rc2;rct;bin;rgs;gif;jpg;jpeg;jpe;resx;tiff;tif;png;wav;mfcribbon-ms</Extensions>
    </Filter>
    <Filter Include="Include">
      <UniqueIdentifier>{c21fc15b-4be4-45f5-89c7-d6981b216a5a}</UniqueIdentifier>
    </Filter>
    <Filter Include="Include\ImGui">
      <UniqueIdentifier>{74425837-c4c2-49a4-8c15-02a4d3e95445}</UniqueIdentifier>
    </Filter>
    <Filter Include="Include\ImGui\backends">
      <UniqueIdentifier>{ade951b8-f8e2-4ed7-ac5c-4e1e18a01f81}</UniqueIdentifier>
    </Filter>
    <Filter Include="Fonts">
      <UniqueIdentifier>{f464570f-e4be-4045-9ad4-6f987c5c7673}</UniqueIdentifier>
    </Filter>
    <Filter Include="Source Files\Ty Memory Values">
      <UniqueIdentifier>{f6eff282-f7eb-4363-8d92-0d45a7e753b3}</UniqueIdentifier>
    </Filter>
    <Filter Include="Header Files\Ty Memory Values">
      <UniqueIdentifier>{069cc433-1ad7-4410-8962-e3b39cdb5f29}</UniqueIdentifier>
    </Filter>
    <Filter Include="Include\ImGui\misc">
      <UniqueIdentifier>{2ec22b87-fb15-4aef-b162-8f79d4b51572}</UniqueIdentifier>
    </Filter>
    <Filter Include="Include\ImGui\misc\cpp">
      <UniqueIdentifier>{a5a5477f-edf1-4704-a81a-ce474c0e5427}</UniqueIdentifier>
    </Filter>
  </ItemGroup>
  <ItemGroup>
    <ClInclude Include="framework.h">
      <Filter>Header Files</Filter>
    </ClInclude>
    <ClInclude Include="pch.h">
      <Filter>Header Files</Filter>
    </ClInclude>
    <ClInclude Include="Include\TygerFrameworkAPI.h">
      <Filter>Include</Filter>
    </ClInclude>
    <ClInclude Include="Include\TygerFrameworkAPI.hpp">
      <Filter>Include</Filter>
    </ClInclude>
    <ClInclude Include="Include\ImGui\imconfig.h">
      <Filter>Include\ImGui</Filter>
    </ClInclude>
    <ClInclude Include="Include\ImGui\imgui.h">
      <Filter>Include\ImGui</Filter>
    </ClInclude>
    <ClInclude Include="Include\ImGui\imgui_internal.h">
      <Filter>Include\ImGui</Filter>
    </ClInclude>
    <ClInclude Include="Include\ImGui\imstb_rectpack.h">
      <Filter>Include\ImGui</Filter>
    </ClInclude>
    <ClInclude Include="Include\ImGui\imstb_textedit.h">
      <Filter>Include\ImGui</Filter>
    </ClInclude>
    <ClInclude Include="Include\ImGui\imstb_truetype.h">
      <Filter>Include\ImGui</Filter>
    </ClInclude>
    <ClInclude Include="Include\ImGui\backends\imgui_impl_opengl3.h">
      <Filter>Include\ImGui\backends</Filter>
    </ClInclude>
    <ClInclude Include="Include\ImGui\backends\imgui_impl_opengl3_loader.h">
      <Filter>Include\ImGui\backends</Filter>
    </ClInclude>
    <ClInclude Include="Include\ImGui\backends\imgui_impl_win32.h">
      <Filter>Include\ImGui\backends</Filter>
    </ClInclude>
    <ClInclude Include="GUI.h">
      <Filter>Header Files</Filter>
    </ClInclude>
    <ClInclude Include="Fonts\TyFont.hpp">
      <Filter>Fonts</Filter>
    </ClInclude>
    <ClInclude Include="Fonts\TyNumberFont.hpp">
      <Filter>Fonts</Filter>
    </ClInclude>
    <ClInclude Include="Include\ini.h">
      <Filter>Include</Filter>
    </ClInclude>
    <ClInclude Include="TyMemoryValues.h">
      <Filter>Header Files\Ty Memory Values</Filter>
    </ClInclude>
    <ClInclude Include="TyAttributes.h">
      <Filter>Header Files\Ty Memory Values</Filter>
    </ClInclude>
    <ClInclude Include="TyState.h">
      <Filter>Header Files\Ty Memory Values</Filter>
    </ClInclude>
    <ClInclude Include="Levels.h">
      <Filter>Header Files\Ty Memory Values</Filter>
    </ClInclude>
    <ClInclude Include="TyPositionRotation.h">
      <Filter>Header Files\Ty Memory Values</Filter>
    </ClInclude>
    <ClInclude Include="TyMovement.h">
      <Filter>Header Files\Ty Memory Values</Filter>
    </ClInclude>
    <ClInclude Include="Ty1ModdingUtil.h">
      <Filter>Header Files</Filter>
    </ClInclude>
    <ClInclude Include="Camera.h">
      <Filter>Header Files\Ty Memory Values</Filter>
    </ClInclude>
    <ClInclude Include="Include\ImGui\misc\cpp\imgui_stdlib.h">
      <Filter>Include\ImGui\misc\cpp</Filter>
    </ClInclude>
  </ItemGroup>
  <ItemGroup>
    <ClCompile Include="dllmain.cpp">
      <Filter>Source Files</Filter>
    </ClCompile>
    <ClCompile Include="pch.cpp">
      <Filter>Source Files</Filter>
    </ClCompile>
    <ClCompile Include="Include\ImGui\imgui.cpp">
      <Filter>Include\ImGui</Filter>
    </ClCompile>
    <ClCompile Include="Include\ImGui\imgui_draw.cpp">
      <Filter>Include\ImGui</Filter>
    </ClCompile>
    <ClCompile Include="Include\ImGui\imgui_tables.cpp">
      <Filter>Include\ImGui</Filter>
    </ClCompile>
    <ClCompile Include="Include\ImGui\imgui_widgets.cpp">
      <Filter>Include\ImGui</Filter>
    </ClCompile>
    <ClCompile Include="Include\ImGui\backends\imgui_impl_opengl3.cpp">
      <Filter>Include\ImGui\backends</Filter>
    </ClCompile>
    <ClCompile Include="Include\ImGui\backends\imgui_impl_win32.cpp">
      <Filter>Include\ImGui\backends</Filter>
    </ClCompile>
    <ClCompile Include="GUI.cpp">
      <Filter>Source Files</Filter>
    </ClCompile>
    <ClCompile Include="TyMemoryValues.cpp">
      <Filter>Source Files\Ty Memory Values</Filter>
    </ClCompile>
    <ClCompile Include="TyAttributes.cpp">
      <Filter>Source Files\Ty Memory Values</Filter>
    </ClCompile>
    <ClCompile Include="Ty1ModdingUtil.cpp">
      <Filter>Source Files</Filter>
    </ClCompile>
    <ClCompile Include="Include\ImGui\misc\cpp\imgui_stdlib.cpp">
      <Filter>Include\ImGui\misc\cpp</Filter>
    </ClCompile>
  </ItemGroup>
  <ItemGroup>
    <None Include="Source.def">
      <Filter>Source Files</Filter>
    </None>
  </ItemGroup>
</Project>